
Microsoft Visual Studio Solution File, Format Version 12.00
# Visual Studio Version 17
VisualStudioVersion = 17.14.36518.9 d17.14
MinimumVisualStudioVersion = 10.0.40219.1
Project("{FAE04EC0-301F-11D3-BF4B-00C04F79EFBC}") = "TcpClient", "TcpClient\TcpClient.csproj", "{CEAC811E-DFA5-4546-95A8-CC73FADC0DAB}"
EndProject
Global
	GlobalSection(SolutionConfigurationPlatforms) = preSolution
		Debug|Any CPU = Debug|Any CPU
		Release|Any CPU = Release|Any CPU
	EndGlobalSection
	GlobalSection(ProjectConfigurationPlatforms) = postSolution
		{CEAC811E-DFA5-4546-95A8-CC73FADC0DAB}.Debug|Any CPU.ActiveCfg = Debug|Any CPU
		{CEAC811E-DFA5-4546-95A8-CC73FADC0DAB}.Debug|Any CPU.Build.0 = Debug|Any CPU
		{CEAC811E-DFA5-4546-95A8-CC73FADC0DAB}.Release|Any CPU.ActiveCfg = Release|Any CPU
		{CEAC811E-DFA5-4546-95A8-CC73FADC0DAB}.Release|Any CPU.Build.0 = Release|Any CPU
	EndGlobalSection
	GlobalSection(SolutionProperties) = preSolution
		HideSolutionNode = FALSE
	EndGlobalSection
	GlobalSection(ExtensibilityGlobals) = postSolution
		SolutionGuid = {D3299557-5D84-4E15-8363-501260B25548}
	EndGlobalSection
EndGlobal
